
Microsoft Visual Studio Solution File, Format Version 12.00
# Visual Studio 15
VisualStudioVersion = 15.0.27004.2009
MinimumVisualStudioVersion = 10.0.40219.1
Project("{FAE04EC0-301F-11D3-BF4B-00C04F79EFBC}") = "YtUtilities.EntryPoint", "YtUtilities.EntryPoint\YtUtilities.EntryPoint.csproj", "{9EB326C5-C65A-4A81-817B-3CFCF4113D1A}"
EndProject
Global
	GlobalSection(SolutionConfigurationPlatforms) = preSolution
		Debug|Any CPU = Debug|Any CPU
		Release|Any CPU = Release|Any CPU
	EndGlobalSection
	GlobalSection(ProjectConfigurationPlatforms) = postSolution
		{9EB326C5-C65A-4A81-817B-3CFCF4113D1A}.Debug|Any CPU.ActiveCfg = Debug|Any CPU
		{9EB326C5-C65A-4A81-817B-3CFCF4113D1A}.Debug|Any CPU.Build.0 = Debug|Any CPU
		{9EB326C5-C65A-4A81-817B-3CFCF4113D1A}.Release|Any CPU.ActiveCfg = Release|Any CPU
		{9EB326C5-C65A-4A81-817B-3CFCF4113D1A}.Release|Any CPU.Build.0 = Release|Any CPU
	EndGlobalSection
	GlobalSection(SolutionProperties) = preSolution
		HideSolutionNode = FALSE
	EndGlobalSection
	GlobalSection(ExtensibilityGlobals) = postSolution
		SolutionGuid = {1D1BE344-3ECD-412B-ACF0-1A7D2FEF2783}
	EndGlobalSection
EndGlobal
